// !$*UTF8*$!
{
	archiveVersion = 1;
	classes = {
	};
	objectVersion = 55;
	objects = {

/* Begin PBXBuildFile section */
		4A4489B428B605D000B74163 /* AppDelegate.swift in Sources */ = {isa = PBXBuildFile; fileRef = 4A4489B328B605D000B74163 /* AppDelegate.swift */; };
		4A4489BD28B605D200B74163 /* Assets.xcassets in Resources */ = {isa = PBXBuildFile; fileRef = 4A4489BC28B605D200B74163 /* Assets.xcassets */; };
		4A448A0028B636BE00B74163 /* Inter-SemiBold.otf in Resources */ = {isa = PBXBuildFile; fileRef = 4A4489ED28B636BE00B74163 /* Inter-SemiBold.otf */; };
		4A448A0328B636BE00B74163 /* Inter-Bold.otf in Resources */ = {isa = PBXBuildFile; fileRef = 4A4489F028B636BE00B74163 /* Inter-Bold.otf */; };
		4A448A0428B636BE00B74163 /* Inter-Medium.otf in Resources */ = {isa = PBXBuildFile; fileRef = 4A4489F128B636BE00B74163 /* Inter-Medium.otf */; };
		4A448A0628B636BE00B74163 /* Inter-Regular.otf in Resources */ = {isa = PBXBuildFile; fileRef = 4A4489F328B636BE00B74163 /* Inter-Regular.otf */; };
		4A6645ED2ACC0D1D00A0747D /* .swiftlint.yml in Resources */ = {isa = PBXBuildFile; fileRef = 4A6645EC2ACC0D1D00A0747D /* .swiftlint.yml */; };
		4A6645EF2ACC1AD400A0747D /* codemagic.yaml in Resources */ = {isa = PBXBuildFile; fileRef = 4A6645EE2ACC1AD400A0747D /* codemagic.yaml */; };
		4A674CA72AB98EDF002105D1 /* MainAssembly.swift in Sources */ = {isa = PBXBuildFile; fileRef = 4A674CA62AB98EDF002105D1 /* MainAssembly.swift */; };
		4A674CAF2AB9969C002105D1 /* finalProjectTest.swift in Sources */ = {isa = PBXBuildFile; fileRef = 4A674CAE2AB9969C002105D1 /* finalProjectTest.swift */; };
		4A8DED5928F2A0200040291F /* MainViewController.swift in Sources */ = {isa = PBXBuildFile; fileRef = 4A8DED5828F2A0200040291F /* MainViewController.swift */; };
		4A8DED6628F2AAAE0040291F /* FinalProject.xcdatamodeld in Sources */ = {isa = PBXBuildFile; fileRef = 4A8DED6428F2AAAE0040291F /* FinalProject.xcdatamodeld */; };
		4A8E2FF02ACEFB9D00B5DF96 /* Helper.swift in Sources */ = {isa = PBXBuildFile; fileRef = 4A8E2FD52ACEFB9D00B5DF96 /* Helper.swift */; };
		4A8E30882AD0130000B5DF96 /* Router.swift in Sources */ = {isa = PBXBuildFile; fileRef = 4A8E30872AD0130000B5DF96 /* Router.swift */; };
		4A95ED202AD8034100FB5F2C /* Pods_Sample.framework in Embed Frameworks */ = {isa = PBXBuildFile; fileRef = 4A95ED1E2AD8034100FB5F2C /* Pods_Sample.framework */; settings = {ATTRIBUTES = (CodeSignOnCopy, RemoveHeadersOnCopy, ); }; };
		4A9DFA1E2AD6F5A900F83454 /* Common.framework in Frameworks */ = {isa = PBXBuildFile; fileRef = 4A8E21C72ACD6BA800B5DF96 /* Common.framework */; };
		4A9DFA1F2AD6F5A900F83454 /* Common.framework in Embed Frameworks */ = {isa = PBXBuildFile; fileRef = 4A8E21C72ACD6BA800B5DF96 /* Common.framework */; settings = {ATTRIBUTES = (RemoveHeadersOnCopy, ); }; };
		4A9DFA212AD6F5AB00F83454 /* Cores.framework in Frameworks */ = {isa = PBXBuildFile; fileRef = 4A8E2EF32ACEAABE00B5DF96 /* Cores.framework */; };
		4A9DFA222AD6F5AB00F83454 /* Cores.framework in Embed Frameworks */ = {isa = PBXBuildFile; fileRef = 4A8E2EF32ACEAABE00B5DF96 /* Cores.framework */; settings = {ATTRIBUTES = (RemoveHeadersOnCopy, ); }; };
		4A9DFA232AD6F5AE00F83454 /* Favorite.framework in Frameworks */ = {isa = PBXBuildFile; fileRef = 4A7D90B12AD3F445009C5C14 /* Favorite.framework */; };
		4A9DFA242AD6F5AE00F83454 /* Favorite.framework in Embed Frameworks */ = {isa = PBXBuildFile; fileRef = 4A7D90B12AD3F445009C5C14 /* Favorite.framework */; settings = {ATTRIBUTES = (RemoveHeadersOnCopy, ); }; };
		4A9DFA252AD6F5B000F83454 /* Game.framework in Frameworks */ = {isa = PBXBuildFile; fileRef = 4A8E222F2ACD70F500B5DF96 /* Game.framework */; };
		4A9DFA262AD6F5B000F83454 /* Game.framework in Embed Frameworks */ = {isa = PBXBuildFile; fileRef = 4A8E222F2ACD70F500B5DF96 /* Game.framework */; settings = {ATTRIBUTES = (RemoveHeadersOnCopy, ); }; };
		4A9DFA272AD6F5B200F83454 /* Profile.framework in Frameworks */ = {isa = PBXBuildFile; fileRef = 4A8E2E962ACD74EF00B5DF96 /* Profile.framework */; };
		4A9DFA282AD6F5B200F83454 /* Profile.framework in Embed Frameworks */ = {isa = PBXBuildFile; fileRef = 4A8E2E962ACD74EF00B5DF96 /* Profile.framework */; settings = {ATTRIBUTES = (RemoveHeadersOnCopy, ); }; };
		4AAE251F2AB8539A001D4142 /* DI.swift in Sources */ = {isa = PBXBuildFile; fileRef = 4AAE251E2AB8539A001D4142 /* DI.swift */; };
		F2FB0AE2E5A2882E7ADA15DB /* Pods_final_project.framework in Frameworks */ = {isa = PBXBuildFile; fileRef = C03A0A054817694A66EC874A /* Pods_final_project.framework */; };
/* End PBXBuildFile section */

/* Begin PBXContainerItemProxy section */
		4A674CB02AB9969C002105D1 /* PBXContainerItemProxy */ = {
			isa = PBXContainerItemProxy;
			containerPortal = 4A4489A828B605D000B74163 /* Project object */;
			proxyType = 1;
			remoteGlobalIDString = 4A4489AF28B605D000B74163;
			remoteInfo = "final project";
		};
/* End PBXContainerItemProxy section */

/* Begin PBXCopyFilesBuildPhase section */
		4A9DFA202AD6F5A900F83454 /* Embed Frameworks */ = {
			isa = PBXCopyFilesBuildPhase;
			buildActionMask = 2147483647;
			dstPath = "";
			dstSubfolderSpec = 10;
			files = (
				4A9DFA262AD6F5B000F83454 /* Game.framework in Embed Frameworks */,
				4A9DFA242AD6F5AE00F83454 /* Favorite.framework in Embed Frameworks */,
				4A9DFA1F2AD6F5A900F83454 /* Common.framework in Embed Frameworks */,
				4A9DFA282AD6F5B200F83454 /* Profile.framework in Embed Frameworks */,
				4A95ED202AD8034100FB5F2C /* Pods_Sample.framework in Embed Frameworks */,
				4A9DFA222AD6F5AB00F83454 /* Cores.framework in Embed Frameworks */,
			);
			name = "Embed Frameworks";
			runOnlyForDeploymentPostprocessing = 0;
		};
/* End PBXCopyFilesBuildPhase section */

/* Begin PBXFileReference section */
		4A4489B328B605D000B74163 /* AppDelegate.swift */ = {isa = PBXFileReference; lastKnownFileType = sourcecode.swift; path = AppDelegate.swift; sourceTree = "<group>"; };
		4A4489BC28B605D200B74163 /* Assets.xcassets */ = {isa = PBXFileReference; lastKnownFileType = folder.assetcatalog; path = Assets.xcassets; sourceTree = "<group>"; };
		4A4489C128B605D200B74163 /* Info.plist */ = {isa = PBXFileReference; lastKnownFileType = text.plist.xml; path = Info.plist; sourceTree = "<group>"; };
		4A4489ED28B636BE00B74163 /* Inter-SemiBold.otf */ = {isa = PBXFileReference; lastKnownFileType = file; path = "Inter-SemiBold.otf"; sourceTree = "<group>"; };
		4A4489F028B636BE00B74163 /* Inter-Bold.otf */ = {isa = PBXFileReference; lastKnownFileType = file; path = "Inter-Bold.otf"; sourceTree = "<group>"; };
		4A4489F128B636BE00B74163 /* Inter-Medium.otf */ = {isa = PBXFileReference; lastKnownFileType = file; path = "Inter-Medium.otf"; sourceTree = "<group>"; };
		4A4489F328B636BE00B74163 /* Inter-Regular.otf */ = {isa = PBXFileReference; lastKnownFileType = file; path = "Inter-Regular.otf"; sourceTree = "<group>"; };
		4A6645EC2ACC0D1D00A0747D /* .swiftlint.yml */ = {isa = PBXFileReference; fileEncoding = 4; lastKnownFileType = text.yaml; path = .swiftlint.yml; sourceTree = "<group>"; };
		4A6645EE2ACC1AD400A0747D /* codemagic.yaml */ = {isa = PBXFileReference; lastKnownFileType = text.yaml; path = codemagic.yaml; sourceTree = "<group>"; };
		4A674C982AB97BAE002105D1 /* final project.app */ = {isa = PBXFileReference; explicitFileType = wrapper.application; includeInIndex = 0; path = "final project.app"; sourceTree = BUILT_PRODUCTS_DIR; };
		4A674CA62AB98EDF002105D1 /* MainAssembly.swift */ = {isa = PBXFileReference; lastKnownFileType = sourcecode.swift; path = MainAssembly.swift; sourceTree = "<group>"; };
		4A674CAC2AB9969C002105D1 /* finalProjectTest.xctest */ = {isa = PBXFileReference; explicitFileType = wrapper.cfbundle; includeInIndex = 0; path = finalProjectTest.xctest; sourceTree = BUILT_PRODUCTS_DIR; };
		4A674CAE2AB9969C002105D1 /* finalProjectTest.swift */ = {isa = PBXFileReference; lastKnownFileType = sourcecode.swift; path = finalProjectTest.swift; sourceTree = "<group>"; };
		4A7D90B12AD3F445009C5C14 /* Favorite.framework */ = {isa = PBXFileReference; explicitFileType = wrapper.framework; path = Favorite.framework; sourceTree = BUILT_PRODUCTS_DIR; };
		4A8DED5828F2A0200040291F /* MainViewController.swift */ = {isa = PBXFileReference; lastKnownFileType = sourcecode.swift; path = MainViewController.swift; sourceTree = "<group>"; };
		4A8DED6528F2AAAE0040291F /* FinalProject.xcdatamodel */ = {isa = PBXFileReference; lastKnownFileType = wrapper.xcdatamodel; path = FinalProject.xcdatamodel; sourceTree = "<group>"; };
		4A8E21C72ACD6BA800B5DF96 /* Common.framework */ = {isa = PBXFileReference; explicitFileType = wrapper.framework; path = Common.framework; sourceTree = BUILT_PRODUCTS_DIR; };
		4A8E222F2ACD70F500B5DF96 /* Game.framework */ = {isa = PBXFileReference; explicitFileType = wrapper.framework; path = Game.framework; sourceTree = BUILT_PRODUCTS_DIR; };
		4A8E2E932ACD74DF00B5DF96 /* Favorite.framework */ = {isa = PBXFileReference; explicitFileType = wrapper.framework; path = Favorite.framework; sourceTree = BUILT_PRODUCTS_DIR; };
		4A8E2E962ACD74EF00B5DF96 /* Profile.framework */ = {isa = PBXFileReference; explicitFileType = wrapper.framework; path = Profile.framework; sourceTree = BUILT_PRODUCTS_DIR; };
		4A8E2EF32ACEAABE00B5DF96 /* Cores.framework */ = {isa = PBXFileReference; explicitFileType = wrapper.framework; path = Cores.framework; sourceTree = BUILT_PRODUCTS_DIR; };
		4A8E2FD52ACEFB9D00B5DF96 /* Helper.swift */ = {isa = PBXFileReference; fileEncoding = 4; lastKnownFileType = sourcecode.swift; path = Helper.swift; sourceTree = "<group>"; };
		4A8E30872AD0130000B5DF96 /* Router.swift */ = {isa = PBXFileReference; fileEncoding = 4; lastKnownFileType = sourcecode.swift; path = Router.swift; sourceTree = "<group>"; };
		4A95ED1E2AD8034100FB5F2C /* Pods_Sample.framework */ = {isa = PBXFileReference; explicitFileType = wrapper.framework; path = Pods_Sample.framework; sourceTree = BUILT_PRODUCTS_DIR; };
		4AAE251E2AB8539A001D4142 /* DI.swift */ = {isa = PBXFileReference; lastKnownFileType = sourcecode.swift; path = DI.swift; sourceTree = "<group>"; };
		A5DBB775405ECE3B467DD58F /* Pods-final project.release.xcconfig */ = {isa = PBXFileReference; includeInIndex = 1; lastKnownFileType = text.xcconfig; name = "Pods-final project.release.xcconfig"; path = "Target Support Files/Pods-final project/Pods-final project.release.xcconfig"; sourceTree = "<group>"; };
		C03A0A054817694A66EC874A /* Pods_final_project.framework */ = {isa = PBXFileReference; explicitFileType = wrapper.framework; includeInIndex = 0; path = Pods_final_project.framework; sourceTree = BUILT_PRODUCTS_DIR; };
		F4EAB930DC1F2456EA114235 /* Pods-final project.debug.xcconfig */ = {isa = PBXFileReference; includeInIndex = 1; lastKnownFileType = text.xcconfig; name = "Pods-final project.debug.xcconfig"; path = "Target Support Files/Pods-final project/Pods-final project.debug.xcconfig"; sourceTree = "<group>"; };
/* End PBXFileReference section */

/* Begin PBXFrameworksBuildPhase section */
		4A4489AD28B605D000B74163 /* Frameworks */ = {
			isa = PBXFrameworksBuildPhase;
			buildActionMask = 2147483647;
			files = (
				4A9DFA272AD6F5B200F83454 /* Profile.framework in Frameworks */,
				4A9DFA232AD6F5AE00F83454 /* Favorite.framework in Frameworks */,
				4A9DFA212AD6F5AB00F83454 /* Cores.framework in Frameworks */,
				F2FB0AE2E5A2882E7ADA15DB /* Pods_final_project.framework in Frameworks */,
				4A9DFA1E2AD6F5A900F83454 /* Common.framework in Frameworks */,
				4A9DFA252AD6F5B000F83454 /* Game.framework in Frameworks */,
			);
			runOnlyForDeploymentPostprocessing = 0;
		};
		4A674CA92AB9969C002105D1 /* Frameworks */ = {
			isa = PBXFrameworksBuildPhase;
			buildActionMask = 2147483647;
			files = (
			);
			runOnlyForDeploymentPostprocessing = 0;
		};
/* End PBXFrameworksBuildPhase section */

/* Begin PBXGroup section */
		4A4489A728B605D000B74163 = {
			isa = PBXGroup;
			children = (
				4A6645EE2ACC1AD400A0747D /* codemagic.yaml */,
				4A6645EC2ACC0D1D00A0747D /* .swiftlint.yml */,
				4A4489B228B605D000B74163 /* final project */,
				D6AD68C3219BE05164B5F2C6 /* Pods */,
				4A674CAD2AB9969C002105D1 /* finalProjectTest */,
				D7B321CC7BA578CFC7ACB877 /* Frameworks */,
				4A674C982AB97BAE002105D1 /* final project.app */,
				4A674CAC2AB9969C002105D1 /* finalProjectTest.xctest */,
				4A95ED222AD8F2B700FB5F2C /* Recovered References */,
			);
			sourceTree = "<group>";
		};
		4A4489B228B605D000B74163 /* final project */ = {
			isa = PBXGroup;
			children = (
				4A8E2F622ACEC57900B5DF96 /* Cores */,
				4A4489C728B6063D00B74163 /* Modules */,
				4A4489C928B6066300B74163 /* Resources */,
				4A8DED6428F2AAAE0040291F /* FinalProject.xcdatamodeld */,
				4A4489C128B605D200B74163 /* Info.plist */,
				4A4489B328B605D000B74163 /* AppDelegate.swift */,
				4A4489BC28B605D200B74163 /* Assets.xcassets */,
			);
			path = "final project";
			sourceTree = "<group>";
		};
		4A4489C728B6063D00B74163 /* Modules */ = {
			isa = PBXGroup;
			children = (
				4A8DED5528F29FFB0040291F /* Main */,
			);
			path = Modules;
			sourceTree = "<group>";
		};
		4A4489C928B6066300B74163 /* Resources */ = {
			isa = PBXGroup;
			children = (
				4A4489CA28B6066900B74163 /* Fonts */,
			);
			path = Resources;
			sourceTree = "<group>";
		};
		4A4489CA28B6066900B74163 /* Fonts */ = {
			isa = PBXGroup;
			children = (
				4A4489F028B636BE00B74163 /* Inter-Bold.otf */,
				4A4489F128B636BE00B74163 /* Inter-Medium.otf */,
				4A4489F328B636BE00B74163 /* Inter-Regular.otf */,
				4A4489ED28B636BE00B74163 /* Inter-SemiBold.otf */,
			);
			path = Fonts;
			sourceTree = "<group>";
		};
		4A674CAD2AB9969C002105D1 /* finalProjectTest */ = {
			isa = PBXGroup;
			children = (
				4A674CAE2AB9969C002105D1 /* finalProjectTest.swift */,
			);
			path = finalProjectTest;
			sourceTree = "<group>";
		};
		4A8DED5528F29FFB0040291F /* Main */ = {
			isa = PBXGroup;
			children = (
				4A8DED5628F29FFF0040291F /* Views */,
			);
			path = Main;
			sourceTree = "<group>";
		};
		4A8DED5628F29FFF0040291F /* Views */ = {
			isa = PBXGroup;
			children = (
				4A8DED5828F2A0200040291F /* MainViewController.swift */,
			);
			path = Views;
			sourceTree = "<group>";
		};
		4A8E2F622ACEC57900B5DF96 /* Cores */ = {
			isa = PBXGroup;
			children = (
				4A8E2FD42ACEFB9D00B5DF96 /* Utils */,
				4AE007842A7B5E9A000D3153 /* DI */,
			);
			path = Cores;
			sourceTree = "<group>";
		};
		4A8E2FD42ACEFB9D00B5DF96 /* Utils */ = {
			isa = PBXGroup;
			children = (
				4A8E30872AD0130000B5DF96 /* Router.swift */,
				4A8E2FD52ACEFB9D00B5DF96 /* Helper.swift */,
			);
			path = Utils;
			sourceTree = "<group>";
		};
		4A95ED222AD8F2B700FB5F2C /* Recovered References */ = {
			isa = PBXGroup;
			children = (
				4A95ED1E2AD8034100FB5F2C /* Pods_Sample.framework */,
			);
			name = "Recovered References";
			sourceTree = "<group>";
		};
		4AAE25202AB853F6001D4142 /* Assembly */ = {
			isa = PBXGroup;
			children = (
				4A674CA62AB98EDF002105D1 /* MainAssembly.swift */,
			);
			path = Assembly;
			sourceTree = "<group>";
		};
		4AE007842A7B5E9A000D3153 /* DI */ = {
			isa = PBXGroup;
			children = (
				4AAE25202AB853F6001D4142 /* Assembly */,
				4AAE251E2AB8539A001D4142 /* DI.swift */,
			);
			path = DI;
			sourceTree = "<group>";
		};
		D6AD68C3219BE05164B5F2C6 /* Pods */ = {
			isa = PBXGroup;
			children = (
				F4EAB930DC1F2456EA114235 /* Pods-final project.debug.xcconfig */,
				A5DBB775405ECE3B467DD58F /* Pods-final project.release.xcconfig */,
			);
			path = Pods;
			sourceTree = "<group>";
		};
		D7B321CC7BA578CFC7ACB877 /* Frameworks */ = {
			isa = PBXGroup;
			children = (
				4A7D90B12AD3F445009C5C14 /* Favorite.framework */,
				4A8E2EF32ACEAABE00B5DF96 /* Cores.framework */,
				4A8E2E962ACD74EF00B5DF96 /* Profile.framework */,
				4A8E2E932ACD74DF00B5DF96 /* Favorite.framework */,
				4A8E222F2ACD70F500B5DF96 /* Game.framework */,
				4A8E21C72ACD6BA800B5DF96 /* Common.framework */,
				C03A0A054817694A66EC874A /* Pods_final_project.framework */,
			);
			name = Frameworks;
			sourceTree = "<group>";
		};
/* End PBXGroup section */

/* Begin PBXNativeTarget section */
		4A4489AF28B605D000B74163 /* final project */ = {
			isa = PBXNativeTarget;
			buildConfigurationList = 4A4489C428B605D200B74163 /* Build configuration list for PBXNativeTarget "final project" */;
			buildPhases = (
				127B897E908461B471708042 /* [CP] Check Pods Manifest.lock */,
				4A4489AC28B605D000B74163 /* Sources */,
				4A4489AD28B605D000B74163 /* Frameworks */,
				4A4489AE28B605D000B74163 /* Resources */,
				450CE1212F18CD7537881414 /* [CP] Embed Pods Frameworks */,
				4A8D4C072ABC39F400D4EDE7 /* ShellScript */,
				4A9DFA202AD6F5A900F83454 /* Embed Frameworks */,
			);
			buildRules = (
			);
			dependencies = (
			);
			name = "final project";
			productName = "final project";
			productReference = 4A674C982AB97BAE002105D1 /* final project.app */;
			productType = "com.apple.product-type.application";
		};
		4A674CAB2AB9969C002105D1 /* finalProjectTest */ = {
			isa = PBXNativeTarget;
			buildConfigurationList = 4A674CB22AB9969C002105D1 /* Build configuration list for PBXNativeTarget "finalProjectTest" */;
			buildPhases = (
				4A674CA82AB9969C002105D1 /* Sources */,
				4A674CA92AB9969C002105D1 /* Frameworks */,
				4A674CAA2AB9969C002105D1 /* Resources */,
			);
			buildRules = (
			);
			dependencies = (
				4A674CB12AB9969C002105D1 /* PBXTargetDependency */,
			);
			name = finalProjectTest;
			productName = finalProjectTest;
			productReference = 4A674CAC2AB9969C002105D1 /* finalProjectTest.xctest */;
			productType = "com.apple.product-type.bundle.unit-test";
		};
/* End PBXNativeTarget section */

/* Begin PBXProject section */
		4A4489A828B605D000B74163 /* Project object */ = {
			isa = PBXProject;
			attributes = {
				BuildIndependentTargetsInParallel = 1;
				LastSwiftUpdateCheck = 1430;
				LastUpgradeCheck = 1310;
				TargetAttributes = {
					4A4489AF28B605D000B74163 = {
						CreatedOnToolsVersion = 13.1;
					};
					4A674CAB2AB9969C002105D1 = {
						CreatedOnToolsVersion = 14.3.1;
						TestTargetID = 4A4489AF28B605D000B74163;
					};
				};
			};
			buildConfigurationList = 4A4489AB28B605D000B74163 /* Build configuration list for PBXProject "final project" */;
			compatibilityVersion = "Xcode 13.0";
			developmentRegion = en;
			hasScannedForEncodings = 0;
			knownRegions = (
				en,
				Base,
			);
			mainGroup = 4A4489A728B605D000B74163;
			productRefGroup = 4A4489A728B605D000B74163;
			projectDirPath = "";
			projectRoot = "";
			targets = (
				4A4489AF28B605D000B74163 /* final project */,
				4A674CAB2AB9969C002105D1 /* finalProjectTest */,
			);
		};
/* End PBXProject section */

/* Begin PBXResourcesBuildPhase section */
		4A4489AE28B605D000B74163 /* Resources */ = {
			isa = PBXResourcesBuildPhase;
			buildActionMask = 2147483647;
			files = (
				4A6645ED2ACC0D1D00A0747D /* .swiftlint.yml in Resources */,
				4A448A0328B636BE00B74163 /* Inter-Bold.otf in Resources */,
				4A448A0028B636BE00B74163 /* Inter-SemiBold.otf in Resources */,
				4A4489BD28B605D200B74163 /* Assets.xcassets in Resources */,
				4A448A0428B636BE00B74163 /* Inter-Medium.otf in Resources */,
				4A6645EF2ACC1AD400A0747D /* codemagic.yaml in Resources */,
				4A448A0628B636BE00B74163 /* Inter-Regular.otf in Resources */,
			);
			runOnlyForDeploymentPostprocessing = 0;
		};
		4A674CAA2AB9969C002105D1 /* Resources */ = {
			isa = PBXResourcesBuildPhase;
			buildActionMask = 2147483647;
			files = (
			);
			runOnlyForDeploymentPostprocessing = 0;
		};
/* End PBXResourcesBuildPhase section */

/* Begin PBXShellScriptBuildPhase section */
		127B897E908461B471708042 /* [CP] Check Pods Manifest.lock */ = {
			isa = PBXShellScriptBuildPhase;
			buildActionMask = 2147483647;
			files = (
			);
			inputFileListPaths = (
			);
			inputPaths = (
				"${PODS_PODFILE_DIR_PATH}/Podfile.lock",
				"${PODS_ROOT}/Manifest.lock",
			);
			name = "[CP] Check Pods Manifest.lock";
			outputFileListPaths = (
			);
			outputPaths = (
				"$(DERIVED_FILE_DIR)/Pods-final project-checkManifestLockResult.txt",
			);
			runOnlyForDeploymentPostprocessing = 0;
			shellPath = /bin/sh;
			shellScript = "diff \"${PODS_PODFILE_DIR_PATH}/Podfile.lock\" \"${PODS_ROOT}/Manifest.lock\" > /dev/null\nif [ $? != 0 ] ; then\n    # print error to STDERR\n    echo \"error: The sandbox is not in sync with the Podfile.lock. Run 'pod install' or update your CocoaPods installation.\" >&2\n    exit 1\nfi\n# This output is used by Xcode 'outputs' to avoid re-running this script phase.\necho \"SUCCESS\" > \"${SCRIPT_OUTPUT_FILE_0}\"\n";
			showEnvVarsInLog = 0;
		};
		450CE1212F18CD7537881414 /* [CP] Embed Pods Frameworks */ = {
			isa = PBXShellScriptBuildPhase;
			buildActionMask = 2147483647;
			files = (
			);
			inputFileListPaths = (
				"${PODS_ROOT}/Target Support Files/Pods-final project/Pods-final project-frameworks-${CONFIGURATION}-input-files.xcfilelist",
			);
			name = "[CP] Embed Pods Frameworks";
			outputFileListPaths = (
				"${PODS_ROOT}/Target Support Files/Pods-final project/Pods-final project-frameworks-${CONFIGURATION}-output-files.xcfilelist",
			);
			runOnlyForDeploymentPostprocessing = 0;
			shellPath = /bin/sh;
			shellScript = "\"${PODS_ROOT}/Target Support Files/Pods-final project/Pods-final project-frameworks.sh\"\n";
			showEnvVarsInLog = 0;
		};
		4A8D4C072ABC39F400D4EDE7 /* ShellScript */ = {
			isa = PBXShellScriptBuildPhase;
			alwaysOutOfDate = 1;
			buildActionMask = 8;
			files = (
			);
			inputFileListPaths = (
			);
			inputPaths = (
			);
			outputFileListPaths = (
			);
			outputPaths = (
			);
			runOnlyForDeploymentPostprocessing = 1;
			shellPath = /bin/sh;
			shellScript = "if which swiftlint >/dev/null; then \n  swiftlint \nelse \n  echo \"warning: SwiftLint not installed, download from https://github.com/realm/SwiftLint\" \nfi\n\n";
		};
/* End PBXShellScriptBuildPhase section */

/* Begin PBXSourcesBuildPhase section */
		4A4489AC28B605D000B74163 /* Sources */ = {
			isa = PBXSourcesBuildPhase;
			buildActionMask = 2147483647;
			files = (
				4AAE251F2AB8539A001D4142 /* DI.swift in Sources */,
				4A8DED5928F2A0200040291F /* MainViewController.swift in Sources */,
				4A8E30882AD0130000B5DF96 /* Router.swift in Sources */,
				4A8DED6628F2AAAE0040291F /* FinalProject.xcdatamodeld in Sources */,
				4A674CA72AB98EDF002105D1 /* MainAssembly.swift in Sources */,
				4A4489B428B605D000B74163 /* AppDelegate.swift in Sources */,
				4A8E2FF02ACEFB9D00B5DF96 /* Helper.swift in Sources */,
			);
			runOnlyForDeploymentPostprocessing = 0;
		};
		4A674CA82AB9969C002105D1 /* Sources */ = {
			isa = PBXSourcesBuildPhase;
			buildActionMask = 2147483647;
			files = (
				4A674CAF2AB9969C002105D1 /* finalProjectTest.swift in Sources */,
			);
			runOnlyForDeploymentPostprocessing = 0;
		};
/* End PBXSourcesBuildPhase section */

/* Begin PBXTargetDependency section */
		4A674CB12AB9969C002105D1 /* PBXTargetDependency */ = {
			isa = PBXTargetDependency;
			target = 4A4489AF28B605D000B74163 /* final project */;
			targetProxy = 4A674CB02AB9969C002105D1 /* PBXContainerItemProxy */;
		};
/* End PBXTargetDependency section */

/* Begin XCBuildConfiguration section */
		4A4489C228B605D200B74163 /* Debug */ = {
			isa = XCBuildConfiguration;
			buildSettings = {
				ALWAYS_SEARCH_USER_PATHS = NO;
				CLANG_ANALYZER_NONNULL = YES;
				CLANG_ANALYZER_NUMBER_OBJECT_CONVERSION = YES_AGGRESSIVE;
				CLANG_CXX_LANGUAGE_STANDARD = "gnu++17";
				CLANG_CXX_LIBRARY = "libc++";
				CLANG_ENABLE_MODULES = YES;
				CLANG_ENABLE_OBJC_ARC = YES;
				CLANG_ENABLE_OBJC_WEAK = YES;
				CLANG_WARN_BLOCK_CAPTURE_AUTORELEASING = YES;
				CLANG_WARN_BOOL_CONVERSION = YES;
				CLANG_WARN_COMMA = YES;
				CLANG_WARN_CONSTANT_CONVERSION = YES;
				CLANG_WARN_DEPRECATED_OBJC_IMPLEMENTATIONS = YES;
				CLANG_WARN_DIRECT_OBJC_ISA_USAGE = YES_ERROR;
				CLANG_WARN_DOCUMENTATION_COMMENTS = YES;
				CLANG_WARN_EMPTY_BODY = YES;
				CLANG_WARN_ENUM_CONVERSION = YES;
				CLANG_WARN_INFINITE_RECURSION = YES;
				CLANG_WARN_INT_CONVERSION = YES;
				CLANG_WARN_NON_LITERAL_NULL_CONVERSION = YES;
				CLANG_WARN_OBJC_IMPLICIT_RETAIN_SELF = YES;
				CLANG_WARN_OBJC_LITERAL_CONVERSION = YES;
				CLANG_WARN_OBJC_ROOT_CLASS = YES_ERROR;
				CLANG_WARN_QUOTED_INCLUDE_IN_FRAMEWORK_HEADER = NO;
				CLANG_WARN_RANGE_LOOP_ANALYSIS = YES;
				CLANG_WARN_STRICT_PROTOTYPES = YES;
				CLANG_WARN_SUSPICIOUS_MOVE = YES;
				CLANG_WARN_UNGUARDED_AVAILABILITY = YES_AGGRESSIVE;
				CLANG_WARN_UNREACHABLE_CODE = YES;
				CLANG_WARN__DUPLICATE_METHOD_MATCH = YES;
				COPY_PHASE_STRIP = NO;
				DEBUG_INFORMATION_FORMAT = dwarf;
				ENABLE_STRICT_OBJC_MSGSEND = YES;
				ENABLE_TESTABILITY = YES;
				GCC_C_LANGUAGE_STANDARD = gnu11;
				GCC_DYNAMIC_NO_PIC = NO;
				GCC_NO_COMMON_BLOCKS = YES;
				GCC_OPTIMIZATION_LEVEL = 0;
				GCC_PREPROCESSOR_DEFINITIONS = (
					"DEBUG=1",
					"$(inherited)",
				);
				GCC_WARN_64_TO_32_BIT_CONVERSION = YES;
				GCC_WARN_ABOUT_RETURN_TYPE = YES_ERROR;
				GCC_WARN_UNDECLARED_SELECTOR = YES;
				GCC_WARN_UNINITIALIZED_AUTOS = YES_AGGRESSIVE;
				GCC_WARN_UNUSED_FUNCTION = YES;
				GCC_WARN_UNUSED_VARIABLE = YES;
				IPHONEOS_DEPLOYMENT_TARGET = 15.0;
				MTL_ENABLE_DEBUG_INFO = INCLUDE_SOURCE;
				MTL_FAST_MATH = YES;
				ONLY_ACTIVE_ARCH = YES;
				SDKROOT = iphoneos;
				SWIFT_ACTIVE_COMPILATION_CONDITIONS = DEBUG;
				SWIFT_OPTIMIZATION_LEVEL = "-Onone";
			};
			name = Debug;
		};
		4A4489C328B605D200B74163 /* Release */ = {
			isa = XCBuildConfiguration;
			buildSettings = {
				ALWAYS_SEARCH_USER_PATHS = NO;
				CLANG_ANALYZER_NONNULL = YES;
				CLANG_ANALYZER_NUMBER_OBJECT_CONVERSION = YES_AGGRESSIVE;
				CLANG_CXX_LANGUAGE_STANDARD = "gnu++17";
				CLANG_CXX_LIBRARY = "libc++";
				CLANG_ENABLE_MODULES = YES;
				CLANG_ENABLE_OBJC_ARC = YES;
				CLANG_ENABLE_OBJC_WEAK = YES;
				CLANG_WARN_BLOCK_CAPTURE_AUTORELEASING = YES;
				CLANG_WARN_BOOL_CONVERSION = YES;
				CLANG_WARN_COMMA = YES;
				CLANG_WARN_CONSTANT_CONVERSION = YES;
				CLANG_WARN_DEPRECATED_OBJC_IMPLEMENTATIONS = YES;
				CLANG_WARN_DIRECT_OBJC_ISA_USAGE = YES_ERROR;
				CLANG_WARN_DOCUMENTATION_COMMENTS = YES;
				CLANG_WARN_EMPTY_BODY = YES;
				CLANG_WARN_ENUM_CONVERSION = YES;
				CLANG_WARN_INFINITE_RECURSION = YES;
				CLANG_WARN_INT_CONVERSION = YES;
				CLANG_WARN_NON_LITERAL_NULL_CONVERSION = YES;
				CLANG_WARN_OBJC_IMPLICIT_RETAIN_SELF = YES;
				CLANG_WARN_OBJC_LITERAL_CONVERSION = YES;
				CLANG_WARN_OBJC_ROOT_CLASS = YES_ERROR;
				CLANG_WARN_QUOTED_INCLUDE_IN_FRAMEWORK_HEADER = NO;
				CLANG_WARN_RANGE_LOOP_ANALYSIS = YES;
				CLANG_WARN_STRICT_PROTOTYPES = YES;
				CLANG_WARN_SUSPICIOUS_MOVE = YES;
				CLANG_WARN_UNGUARDED_AVAILABILITY = YES_AGGRESSIVE;
				CLANG_WARN_UNREACHABLE_CODE = YES;
				CLANG_WARN__DUPLICATE_METHOD_MATCH = YES;
				COPY_PHASE_STRIP = NO;
				DEBUG_INFORMATION_FORMAT = "dwarf-with-dsym";
				ENABLE_NS_ASSERTIONS = NO;
				ENABLE_STRICT_OBJC_MSGSEND = YES;
				GCC_C_LANGUAGE_STANDARD = gnu11;
				GCC_NO_COMMON_BLOCKS = YES;
				GCC_WARN_64_TO_32_BIT_CONVERSION = YES;
				GCC_WARN_ABOUT_RETURN_TYPE = YES_ERROR;
				GCC_WARN_UNDECLARED_SELECTOR = YES;
				GCC_WARN_UNINITIALIZED_AUTOS = YES_AGGRESSIVE;
				GCC_WARN_UNUSED_FUNCTION = YES;
				GCC_WARN_UNUSED_VARIABLE = YES;
				IPHONEOS_DEPLOYMENT_TARGET = 15.0;
				MTL_ENABLE_DEBUG_INFO = NO;
				MTL_FAST_MATH = YES;
				SDKROOT = iphoneos;
				SWIFT_COMPILATION_MODE = wholemodule;
				SWIFT_OPTIMIZATION_LEVEL = "-O";
				VALIDATE_PRODUCT = YES;
			};
			name = Release;
		};
		4A4489C528B605D200B74163 /* Debug */ = {
			isa = XCBuildConfiguration;
			baseConfigurationReference = F4EAB930DC1F2456EA114235 /* Pods-final project.debug.xcconfig */;
			buildSettings = {
				ASSETCATALOG_COMPILER_APPICON_NAME = AppIcon;
				ASSETCATALOG_COMPILER_GLOBAL_ACCENT_COLOR_NAME = AccentColor;
				CODE_SIGN_STYLE = Automatic;
				CURRENT_PROJECT_VERSION = 1;
				DEVELOPMENT_TEAM = "";
				GENERATE_INFOPLIST_FILE = YES;
				INFOPLIST_FILE = "final project/Info.plist";
				INFOPLIST_KEY_CFBundleDisplayName = "Fachri Nuriza";
				INFOPLIST_KEY_LSApplicationCategoryType = "public.app-category.games";
				INFOPLIST_KEY_UIApplicationSupportsIndirectInputEvents = YES;
				INFOPLIST_KEY_UILaunchStoryboardName = LaunchScreen;
				INFOPLIST_KEY_UIMainStoryboardFile = "";
				INFOPLIST_KEY_UISupportedInterfaceOrientations_iPad = "UIInterfaceOrientationPortrait UIInterfaceOrientationPortraitUpsideDown UIInterfaceOrientationLandscapeLeft UIInterfaceOrientationLandscapeRight";
				INFOPLIST_KEY_UISupportedInterfaceOrientations_iPhone = "UIInterfaceOrientationPortrait UIInterfaceOrientationLandscapeLeft UIInterfaceOrientationLandscapeRight";
				LD_RUNPATH_SEARCH_PATHS = (
					"$(inherited)",
					"@executable_path/Frameworks",
				);
				MARKETING_VERSION = 1.0;
				PRODUCT_BUNDLE_IDENTIFIER = "dicoding.final-project";
				PRODUCT_NAME = "$(TARGET_NAME)";
				SWIFT_EMIT_LOC_STRINGS = YES;
				SWIFT_VERSION = 5.0;
				TARGETED_DEVICE_FAMILY = "1,2";
			};
			name = Debug;
		};
		4A4489C628B605D200B74163 /* Release */ = {
			isa = XCBuildConfiguration;
			baseConfigurationReference = A5DBB775405ECE3B467DD58F /* Pods-final project.release.xcconfig */;
			buildSettings = {
				ASSETCATALOG_COMPILER_APPICON_NAME = AppIcon;
				ASSETCATALOG_COMPILER_GLOBAL_ACCENT_COLOR_NAME = AccentColor;
				CODE_SIGN_STYLE = Automatic;
				CURRENT_PROJECT_VERSION = 1;
				DEVELOPMENT_TEAM = "";
				GENERATE_INFOPLIST_FILE = YES;
				INFOPLIST_FILE = "final project/Info.plist";
				INFOPLIST_KEY_CFBundleDisplayName = "Fachri Nuriza";
				INFOPLIST_KEY_LSApplicationCategoryType = "public.app-category.games";
				INFOPLIST_KEY_UIApplicationSupportsIndirectInputEvents = YES;
				INFOPLIST_KEY_UILaunchStoryboardName = LaunchScreen;
				INFOPLIST_KEY_UIMainStoryboardFile = "";
				INFOPLIST_KEY_UISupportedInterfaceOrientations_iPad = "UIInterfaceOrientationPortrait UIInterfaceOrientationPortraitUpsideDown UIInterfaceOrientationLandscapeLeft UIInterfaceOrientationLandscapeRight";
				INFOPLIST_KEY_UISupportedInterfaceOrientations_iPhone = "UIInterfaceOrientationPortrait UIInterfaceOrientationLandscapeLeft UIInterfaceOrientationLandscapeRight";
				LD_RUNPATH_SEARCH_PATHS = (
					"$(inherited)",
					"@executable_path/Frameworks",
				);
				MARKETING_VERSION = 1.0;
				PRODUCT_BUNDLE_IDENTIFIER = "dicoding.final-project";
				PRODUCT_NAME = "$(TARGET_NAME)";
				SWIFT_EMIT_LOC_STRINGS = YES;
				SWIFT_VERSION = 5.0;
				TARGETED_DEVICE_FAMILY = "1,2";
			};
			name = Release;
		};
		4A674CB32AB9969C002105D1 /* Debug */ = {
			isa = XCBuildConfiguration;
			buildSettings = {
				BUNDLE_LOADER = "$(TEST_HOST)";
				CLANG_CXX_LANGUAGE_STANDARD = "gnu++20";
				CODE_SIGN_STYLE = Automatic;
				CURRENT_PROJECT_VERSION = 1;
				GENERATE_INFOPLIST_FILE = YES;
				IPHONEOS_DEPLOYMENT_TARGET = 15.0;
				MARKETING_VERSION = 1.0;
				PRODUCT_BUNDLE_IDENTIFIER = Skuy.finalProjectTest;
				PRODUCT_NAME = "$(TARGET_NAME)";
				SWIFT_EMIT_LOC_STRINGS = NO;
				SWIFT_VERSION = 5.0;
				TARGETED_DEVICE_FAMILY = "1,2";
				TEST_HOST = "$(BUILT_PRODUCTS_DIR)/final project.app/$(BUNDLE_EXECUTABLE_FOLDER_PATH)/final project";
			};
			name = Debug;
		};
		4A674CB42AB9969C002105D1 /* Release */ = {
			isa = XCBuildConfiguration;
			buildSettings = {
				BUNDLE_LOADER = "$(TEST_HOST)";
				CLANG_CXX_LANGUAGE_STANDARD = "gnu++20";
				CODE_SIGN_STYLE = Automatic;
				CURRENT_PROJECT_VERSION = 1;
				GENERATE_INFOPLIST_FILE = YES;
				IPHONEOS_DEPLOYMENT_TARGET = 15.0;
				MARKETING_VERSION = 1.0;
				PRODUCT_BUNDLE_IDENTIFIER = Skuy.finalProjectTest;
				PRODUCT_NAME = "$(TARGET_NAME)";
				SWIFT_EMIT_LOC_STRINGS = NO;
				SWIFT_VERSION = 5.0;
				TARGETED_DEVICE_FAMILY = "1,2";
				TEST_HOST = "$(BUILT_PRODUCTS_DIR)/final project.app/$(BUNDLE_EXECUTABLE_FOLDER_PATH)/final project";
			};
			name = Release;
		};
/* End XCBuildConfiguration section */

/* Begin XCConfigurationList section */
		4A4489AB28B605D000B74163 /* Build configuration list for PBXProject "final project" */ = {
			isa = XCConfigurationList;
			buildConfigurations = (
				4A4489C228B605D200B74163 /* Debug */,
				4A4489C328B605D200B74163 /* Release */,
			);
			defaultConfigurationIsVisible = 0;
			defaultConfigurationName = Release;
		};
		4A4489C428B605D200B74163 /* Build configuration list for PBXNativeTarget "final project" */ = {
			isa = XCConfigurationList;
			buildConfigurations = (
				4A4489C528B605D200B74163 /* Debug */,
				4A4489C628B605D200B74163 /* Release */,
			);
			defaultConfigurationIsVisible = 0;
			defaultConfigurationName = Release;
		};
		4A674CB22AB9969C002105D1 /* Build configuration list for PBXNativeTarget "finalProjectTest" */ = {
			isa = XCConfigurationList;
			buildConfigurations = (
				4A674CB32AB9969C002105D1 /* Debug */,
				4A674CB42AB9969C002105D1 /* Release */,
			);
			defaultConfigurationIsVisible = 0;
			defaultConfigurationName = Release;
		};
/* End XCConfigurationList section */

/* Begin XCVersionGroup section */
		4A8DED6428F2AAAE0040291F /* FinalProject.xcdatamodeld */ = {
			isa = XCVersionGroup;
			children = (
				4A8DED6528F2AAAE0040291F /* FinalProject.xcdatamodel */,
			);
			currentVersion = 4A8DED6528F2AAAE0040291F /* FinalProject.xcdatamodel */;
			path = FinalProject.xcdatamodeld;
			sourceTree = "<group>";
			versionGroupType = wrapper.xcdatamodel;
		};
/* End XCVersionGroup section */
	};
	rootObject = 4A4489A828B605D000B74163 /* Project object */;
}
